
Microsoft Visual Studio Solution File, Format Version 12.00
# Visual Studio Version 17
VisualStudioVersion = 17.0.31912.275
MinimumVisualStudioVersion = 10.0.40219.1
Project("{FAE04EC0-301F-11D3-BF4B-00C04F79EFBC}") = "MockFlag", "MockFlag\MockFlag.csproj", "{DB5F25EC-011E-44FC-BB5F-588CB0CABABA}"
EndProject
Global
	GlobalSection(SolutionConfigurationPlatforms) = preSolution
		Debug|Any CPU = Debug|Any CPU
		Release|Any CPU = Release|Any CPU
	EndGlobalSection
	GlobalSection(ProjectConfigurationPlatforms) = postSolution
		{DB5F25EC-011E-44FC-BB5F-588CB0CABABA}.Debug|Any CPU.ActiveCfg = Debug|Any CPU
		{DB5F25EC-011E-44FC-BB5F-588CB0CABABA}.Debug|Any CPU.Build.0 = Debug|Any CPU
		{DB5F25EC-011E-44FC-BB5F-588CB0CABABA}.Release|Any CPU.ActiveCfg = Release|Any CPU
		{DB5F25EC-011E-44FC-BB5F-588CB0CABABA}.Release|Any CPU.Build.0 = Release|Any CPU
	EndGlobalSection
	GlobalSection(SolutionProperties) = preSolution
		HideSolutionNode = FALSE
	EndGlobalSection
	GlobalSection(ExtensibilityGlobals) = postSolution
		SolutionGuid = {24663E1A-6170-4A1A-A862-F596B8AA7C19}
	EndGlobalSection
EndGlobal
