
Microsoft Visual Studio Solution File, Format Version 12.00
# Visual Studio Version 17
VisualStudioVersion = 17.0.31912.275
MinimumVisualStudioVersion = 10.0.40219.1
Project("{9A19103F-16F7-4668-BE54-9A1E7A4F7556}") = "MissionSystem.Interface", "MissionSystem.Interface\MissionSystem.Interface.csproj", "{BB9F4CEC-6BF2-4044-9CC6-11FE1154B9F8}"
EndProject
Project("{9A19103F-16F7-4668-BE54-9A1E7A4F7556}") = "MissionSystem.Factory", "MissionSystem.Factory\MissionSystem.Factory.csproj", "{B4EF7FBF-D973-4D6B-8E29-DA28C1C64227}"
EndProject
Project("{9A19103F-16F7-4668-BE54-9A1E7A4F7556}") = "MissionSystem.Main", "MissionSystem.Main\MissionSystem.Main.csproj", "{AA25EDF1-7409-47E8-A4FA-116EAD67BE08}"
EndProject
Project("{9A19103F-16F7-4668-BE54-9A1E7A4F7556}") = "MissionSystem.MqttBroker", "MissionSystem.MqttBroker\MissionSystem.MqttBroker.csproj", "{2E60DCA8-EF73-41E8-A81D-74EE5F48177C}"
EndProject
Project("{9A19103F-16F7-4668-BE54-9A1E7A4F7556}") = "MissionSystem.Logic.CTF", "MissionSystem.Logic.CTF\MissionSystem.Logic.CTF.csproj", "{47BBA943-2F2F-44A8-85C0-CB7AD1F77437}"
EndProject
Project("{9A19103F-16F7-4668-BE54-9A1E7A4F7556}") = "MissionSystem.Logic", "MissionSystem.Logic\MissionSystem.Logic.csproj", "{83A76910-82A7-4286-8E58-7273CF8065DE}"
EndProject
Project("{9A19103F-16F7-4668-BE54-9A1E7A4F7556}") = "MissionSystem.Database", "MissionSystem.Database\MissionSystem.Database.csproj", "{C5897B80-9324-4174-A312-8CE0EC619D93}"
EndProject
Project("{9A19103F-16F7-4668-BE54-9A1E7A4F7556}") = "TheLightingController.Lib", "TheLightingController.Lib\TheLightingController.Lib.csproj", "{BE842215-5D11-45B5-884C-3F523FBE73C4}"
EndProject
Project("{9A19103F-16F7-4668-BE54-9A1E7A4F7556}") = "TheLightingController.Tests", "TheLightingController.Tests\TheLightingController.Tests.csproj", "{69F9A5AE-5CE4-41CB-878B-BD6485B81DAD}"
EndProject
Project("{9A19103F-16F7-4668-BE54-9A1E7A4F7556}") = "TheLightingController.Example", "TheLightingController.Example\TheLightingController.Example.csproj", "{98C347C5-1929-4423-BC5C-5F5FEF1D308E}"
EndProject
Global
	GlobalSection(SolutionConfigurationPlatforms) = preSolution
		Debug|Any CPU = Debug|Any CPU
		Release|Any CPU = Release|Any CPU
	EndGlobalSection
	GlobalSection(ProjectConfigurationPlatforms) = postSolution
		{BB9F4CEC-6BF2-4044-9CC6-11FE1154B9F8}.Debug|Any CPU.ActiveCfg = Debug|Any CPU
		{BB9F4CEC-6BF2-4044-9CC6-11FE1154B9F8}.Debug|Any CPU.Build.0 = Debug|Any CPU
		{BB9F4CEC-6BF2-4044-9CC6-11FE1154B9F8}.Release|Any CPU.ActiveCfg = Release|Any CPU
		{BB9F4CEC-6BF2-4044-9CC6-11FE1154B9F8}.Release|Any CPU.Build.0 = Release|Any CPU
		{B4EF7FBF-D973-4D6B-8E29-DA28C1C64227}.Debug|Any CPU.ActiveCfg = Debug|Any CPU
		{B4EF7FBF-D973-4D6B-8E29-DA28C1C64227}.Debug|Any CPU.Build.0 = Debug|Any CPU
		{B4EF7FBF-D973-4D6B-8E29-DA28C1C64227}.Release|Any CPU.ActiveCfg = Release|Any CPU
		{B4EF7FBF-D973-4D6B-8E29-DA28C1C64227}.Release|Any CPU.Build.0 = Release|Any CPU
		{AA25EDF1-7409-47E8-A4FA-116EAD67BE08}.Debug|Any CPU.ActiveCfg = Debug|Any CPU
		{AA25EDF1-7409-47E8-A4FA-116EAD67BE08}.Debug|Any CPU.Build.0 = Debug|Any CPU
		{AA25EDF1-7409-47E8-A4FA-116EAD67BE08}.Release|Any CPU.ActiveCfg = Release|Any CPU
		{AA25EDF1-7409-47E8-A4FA-116EAD67BE08}.Release|Any CPU.Build.0 = Release|Any CPU
		{2E60DCA8-EF73-41E8-A81D-74EE5F48177C}.Debug|Any CPU.ActiveCfg = Debug|Any CPU
		{2E60DCA8-EF73-41E8-A81D-74EE5F48177C}.Debug|Any CPU.Build.0 = Debug|Any CPU
		{2E60DCA8-EF73-41E8-A81D-74EE5F48177C}.Release|Any CPU.ActiveCfg = Release|Any CPU
		{2E60DCA8-EF73-41E8-A81D-74EE5F48177C}.Release|Any CPU.Build.0 = Release|Any CPU
		{47BBA943-2F2F-44A8-85C0-CB7AD1F77437}.Debug|Any CPU.ActiveCfg = Debug|Any CPU
		{47BBA943-2F2F-44A8-85C0-CB7AD1F77437}.Debug|Any CPU.Build.0 = Debug|Any CPU
		{47BBA943-2F2F-44A8-85C0-CB7AD1F77437}.Release|Any CPU.ActiveCfg = Release|Any CPU
		{47BBA943-2F2F-44A8-85C0-CB7AD1F77437}.Release|Any CPU.Build.0 = Release|Any CPU
		{83A76910-82A7-4286-8E58-7273CF8065DE}.Debug|Any CPU.ActiveCfg = Debug|Any CPU
		{83A76910-82A7-4286-8E58-7273CF8065DE}.Debug|Any CPU.Build.0 = Debug|Any CPU
		{83A76910-82A7-4286-8E58-7273CF8065DE}.Release|Any CPU.ActiveCfg = Release|Any CPU
		{83A76910-82A7-4286-8E58-7273CF8065DE}.Release|Any CPU.Build.0 = Release|Any CPU
		{C5897B80-9324-4174-A312-8CE0EC619D93}.Debug|Any CPU.ActiveCfg = Debug|Any CPU
		{C5897B80-9324-4174-A312-8CE0EC619D93}.Debug|Any CPU.Build.0 = Debug|Any CPU
		{C5897B80-9324-4174-A312-8CE0EC619D93}.Release|Any CPU.ActiveCfg = Release|Any CPU
		{C5897B80-9324-4174-A312-8CE0EC619D93}.Release|Any CPU.Build.0 = Release|Any CPU
		{BE842215-5D11-45B5-884C-3F523FBE73C4}.Debug|Any CPU.ActiveCfg = Debug|Any CPU
		{BE842215-5D11-45B5-884C-3F523FBE73C4}.Debug|Any CPU.Build.0 = Debug|Any CPU
		{BE842215-5D11-45B5-884C-3F523FBE73C4}.Release|Any CPU.ActiveCfg = Release|Any CPU
		{BE842215-5D11-45B5-884C-3F523FBE73C4}.Release|Any CPU.Build.0 = Release|Any CPU
		{69F9A5AE-5CE4-41CB-878B-BD6485B81DAD}.Debug|Any CPU.ActiveCfg = Debug|Any CPU
		{69F9A5AE-5CE4-41CB-878B-BD6485B81DAD}.Debug|Any CPU.Build.0 = Debug|Any CPU
		{69F9A5AE-5CE4-41CB-878B-BD6485B81DAD}.Release|Any CPU.ActiveCfg = Release|Any CPU
		{69F9A5AE-5CE4-41CB-878B-BD6485B81DAD}.Release|Any CPU.Build.0 = Release|Any CPU
		{98C347C5-1929-4423-BC5C-5F5FEF1D308E}.Debug|Any CPU.ActiveCfg = Debug|Any CPU
		{98C347C5-1929-4423-BC5C-5F5FEF1D308E}.Debug|Any CPU.Build.0 = Debug|Any CPU
		{98C347C5-1929-4423-BC5C-5F5FEF1D308E}.Release|Any CPU.ActiveCfg = Release|Any CPU
		{98C347C5-1929-4423-BC5C-5F5FEF1D308E}.Release|Any CPU.Build.0 = Release|Any CPU
	EndGlobalSection
	GlobalSection(SolutionProperties) = preSolution
		HideSolutionNode = FALSE
	EndGlobalSection
	GlobalSection(ExtensibilityGlobals) = postSolution
		SolutionGuid = {2088C514-F4C2-49A1-A731-BEFD8684EDF7}
	EndGlobalSection
EndGlobal
